PODS:
  - SDWebImage (5.12.2):
    - SDWebImage/Core (= 5.12.2)
  - SDWebImage/Core (5.12.2)
  - YouTubePlayer (0.7.2)

DEPENDENCIES:
  - SDWebImage
  - YouTubePlayer

SPEC REPOS:
  trunk:
    - SDWebImage
    - YouTubePlayer

SPEC CHECKSUMS:
  SDWebImage: 240e5c12b592fb1268c1d03b8c90d90e8c2ffe82
  YouTubePlayer: 2b5f2830d8f9b2cde942083211291e382c9e6bd5

PODFILE CHECKSUM: abd5d3598da2c0ed8599e2f6c8ca24849bcb63cb

COCOAPODS: 1.11.2
