// !$*UTF8*$!
{
	archiveVersion = 1;
	classes = {
	};
	objectVersion = 55;
	objects = {

/* Begin PBXBuildFile section */
		9C7D184A280E2272001AAA42 /* HeartButton.swift in Sources */ = {isa = PBXBuildFile; fileRef = 9C7D1849280E2272001AAA42 /* HeartButton.swift */; };
		9C7D184C28109E3A001AAA42 /* LibraryDetailsViewController.swift in Sources */ = {isa = PBXBuildFile; fileRef = 9C7D184B28109E3A001AAA42 /* LibraryDetailsViewController.swift */; };
		9CBA1361280767B100F77CDC /* RealmManager.swift in Sources */ = {isa = PBXBuildFile; fileRef = 9CBA1360280767B100F77CDC /* RealmManager.swift */; };
		9CBA13632808646800F77CDC /* MainTabBarController.swift in Sources */ = {isa = PBXBuildFile; fileRef = 9CBA13622808646800F77CDC /* MainTabBarController.swift */; };
		9CBA1365280865F900F77CDC /* LibraryViewController.swift in Sources */ = {isa = PBXBuildFile; fileRef = 9CBA1364280865F900F77CDC /* LibraryViewController.swift */; };
		9CBA13682808B31600F77CDC /* LibraryCell.swift in Sources */ = {isa = PBXBuildFile; fileRef = 9CBA13672808B31600F77CDC /* LibraryCell.swift */; };
		9CBA136B2808B3B500F77CDC /* LibrarySection.swift in Sources */ = {isa = PBXBuildFile; fileRef = 9CBA136A2808B3B500F77CDC /* LibrarySection.swift */; };
		9CCBDD4D2807614F00F7E214 /* RealmModel.swift in Sources */ = {isa = PBXBuildFile; fileRef = 9CCBDD4C2807614F00F7E214 /* RealmModel.swift */; };
		9CFC776127F7564200E50FCA /* AppDelegate.swift in Sources */ = {isa = PBXBuildFile; fileRef = 9CFC776027F7564200E50FCA /* AppDelegate.swift */; };
		9CFC776327F7564200E50FCA /* SceneDelegate.swift in Sources */ = {isa = PBXBuildFile; fileRef = 9CFC776227F7564200E50FCA /* SceneDelegate.swift */; };
		9CFC776527F7564200E50FCA /* MainViewController.swift in Sources */ = {isa = PBXBuildFile; fileRef = 9CFC776427F7564200E50FCA /* MainViewController.swift */; };
		9CFC776A27F7564500E50FCA /* Assets.xcassets in Resources */ = {isa = PBXBuildFile; fileRef = 9CFC776927F7564500E50FCA /* Assets.xcassets */; };
		9CFC776D27F7564500E50FCA /* LaunchScreen.storyboard in Resources */ = {isa = PBXBuildFile; fileRef = 9CFC776B27F7564500E50FCA /* LaunchScreen.storyboard */; };
		9CFC777827F75A5800E50FCA /* Section.swift in Sources */ = {isa = PBXBuildFile; fileRef = 9CFC777727F75A5800E50FCA /* Section.swift */; };
		9CFC777B27F7636D00E50FCA /* NewsCell.swift in Sources */ = {isa = PBXBuildFile; fileRef = 9CFC777A27F7636D00E50FCA /* NewsCell.swift */; };
		9CFC777E27F7669B00E50FCA /* SectionHeader.swift in Sources */ = {isa = PBXBuildFile; fileRef = 9CFC777D27F7669B00E50FCA /* SectionHeader.swift */; };
		9CFC778027F767AD00E50FCA /* UIColor + Extension.swift in Sources */ = {isa = PBXBuildFile; fileRef = 9CFC777F27F767AD00E50FCA /* UIColor + Extension.swift */; };
		9CFC778227F76B7700E50FCA /* LaunchModel.swift in Sources */ = {isa = PBXBuildFile; fileRef = 9CFC778127F76B7700E50FCA /* LaunchModel.swift */; };
		9CFC778527F77A7600E50FCA /* NetworkManager.swift in Sources */ = {isa = PBXBuildFile; fileRef = 9CFC778427F77A7600E50FCA /* NetworkManager.swift */; };
		9CFC778827FCB01200E50FCA /* ShowAlert.swift in Sources */ = {isa = PBXBuildFile; fileRef = 9CFC778727FCB01200E50FCA /* ShowAlert.swift */; };
		9CFC778A27FCBAD000E50FCA /* UIView + Extension.swift in Sources */ = {isa = PBXBuildFile; fileRef = 9CFC778927FCBAD000E50FCA /* UIView + Extension.swift */; };
		9CFC778C27FDF88C00E50FCA /* DetailsViewController.swift in Sources */ = {isa = PBXBuildFile; fileRef = 9CFC778B27FDF88C00E50FCA /* DetailsViewController.swift */; };
		9CFC778E27FE0F7600E50FCA /* DetailsSections.swift in Sources */ = {isa = PBXBuildFile; fileRef = 9CFC778D27FE0F7600E50FCA /* DetailsSections.swift */; };
		9CFC779127FE155D00E50FCA /* InfoCell.swift in Sources */ = {isa = PBXBuildFile; fileRef = 9CFC779027FE155D00E50FCA /* InfoCell.swift */; };
		9CFC779427FE273A00E50FCA /* UIFont + Extension.swift in Sources */ = {isa = PBXBuildFile; fileRef = 9CFC779327FE273A00E50FCA /* UIFont + Extension.swift */; };
		9CFEF6372805CA9300DF5F79 /* Reachability.swift in Sources */ = {isa = PBXBuildFile; fileRef = 9CFEF6362805CA9200DF5F79 /* Reachability.swift */; };
		9CFEF6392805FB4F00DF5F79 /* GradientView.swift in Sources */ = {isa = PBXBuildFile; fileRef = 9CFEF6382805FB4F00DF5F79 /* GradientView.swift */; };
		B51B5431D79D19EAEE3A667F /* Pods_SpaceXInfo.framework in Frameworks */ = {isa = PBXBuildFile; fileRef = BF58F9744C1A59DDA3D954ED /* Pods_SpaceXInfo.framework */; };
/* End PBXBuildFile section */

/* Begin PBXFileReference section */
		4ECA929C234960E298E78B8D /* Pods-SpaceXInfo.debug.xcconfig */ = {isa = PBXFileReference; includeInIndex = 1; lastKnownFileType = text.xcconfig; name = "Pods-SpaceXInfo.debug.xcconfig"; path = "Target Support Files/Pods-SpaceXInfo/Pods-SpaceXInfo.debug.xcconfig"; sourceTree = "<group>"; };
		6FA7262CE89D686DA69D0365 /* Pods-SpaceXInfo.release.xcconfig */ = {isa = PBXFileReference; includeInIndex = 1; lastKnownFileType = text.xcconfig; name = "Pods-SpaceXInfo.release.xcconfig"; path = "Target Support Files/Pods-SpaceXInfo/Pods-SpaceXInfo.release.xcconfig"; sourceTree = "<group>"; };
		9C7D1849280E2272001AAA42 /* HeartButton.swift */ = {isa = PBXFileReference; lastKnownFileType = sourcecode.swift; path = HeartButton.swift; sourceTree = "<group>"; };
		9C7D184B28109E3A001AAA42 /* LibraryDetailsViewController.swift */ = {isa = PBXFileReference; lastKnownFileType = sourcecode.swift; path = LibraryDetailsViewController.swift; sourceTree = "<group>"; };
		9CBA1360280767B100F77CDC /* RealmManager.swift */ = {isa = PBXFileReference; lastKnownFileType = sourcecode.swift; path = RealmManager.swift; sourceTree = "<group>"; };
		9CBA13622808646800F77CDC /* MainTabBarController.swift */ = {isa = PBXFileReference; lastKnownFileType = sourcecode.swift; path = MainTabBarController.swift; sourceTree = "<group>"; };
		9CBA1364280865F900F77CDC /* LibraryViewController.swift */ = {isa = PBXFileReference; lastKnownFileType = sourcecode.swift; path = LibraryViewController.swift; sourceTree = "<group>"; };
		9CBA13672808B31600F77CDC /* LibraryCell.swift */ = {isa = PBXFileReference; lastKnownFileType = sourcecode.swift; path = LibraryCell.swift; sourceTree = "<group>"; };
		9CBA136A2808B3B500F77CDC /* LibrarySection.swift */ = {isa = PBXFileReference; lastKnownFileType = sourcecode.swift; path = LibrarySection.swift; sourceTree = "<group>"; };
		9CCBDD4C2807614F00F7E214 /* RealmModel.swift */ = {isa = PBXFileReference; lastKnownFileType = sourcecode.swift; path = RealmModel.swift; sourceTree = "<group>"; };
		9CFC775D27F7564200E50FCA /* SpaceXInfo.app */ = {isa = PBXFileReference; explicitFileType = wrapper.application; includeInIndex = 0; path = SpaceXInfo.app; sourceTree = BUILT_PRODUCTS_DIR; };
		9CFC776027F7564200E50FCA /* AppDelegate.swift */ = {isa = PBXFileReference; lastKnownFileType = sourcecode.swift; path = AppDelegate.swift; sourceTree = "<group>"; };
		9CFC776227F7564200E50FCA /* SceneDelegate.swift */ = {isa = PBXFileReference; lastKnownFileType = sourcecode.swift; path = SceneDelegate.swift; sourceTree = "<group>"; };
		9CFC776427F7564200E50FCA /* MainViewController.swift */ = {isa = PBXFileReference; lastKnownFileType = sourcecode.swift; path = MainViewController.swift; sourceTree = "<group>"; };
		9CFC776927F7564500E50FCA /* Assets.xcassets */ = {isa = PBXFileReference; lastKnownFileType = folder.assetcatalog; path = Assets.xcassets; sourceTree = "<group>"; };
		9CFC776C27F7564500E50FCA /* Base */ = {isa = PBXFileReference; lastKnownFileType = file.storyboard; name = Base; path = Base.lproj/LaunchScreen.storyboard; sourceTree = "<group>"; };
		9CFC776E27F7564500E50FCA /* Info.plist */ = {isa = PBXFileReference; lastKnownFileType = text.plist.xml; path = Info.plist; sourceTree = "<group>"; };
		9CFC777727F75A5800E50FCA /* Section.swift */ = {isa = PBXFileReference; lastKnownFileType = sourcecode.swift; path = Section.swift; sourceTree = "<group>"; };
		9CFC777A27F7636D00E50FCA /* NewsCell.swift */ = {isa = PBXFileReference; lastKnownFileType = sourcecode.swift; path = NewsCell.swift; sourceTree = "<group>"; };
		9CFC777D27F7669B00E50FCA /* SectionHeader.swift */ = {isa = PBXFileReference; lastKnownFileType = sourcecode.swift; path = SectionHeader.swift; sourceTree = "<group>"; };
		9CFC777F27F767AD00E50FCA /* UIColor + Extension.swift */ = {isa = PBXFileReference; lastKnownFileType = sourcecode.swift; path = "UIColor + Extension.swift"; sourceTree = "<group>"; };
		9CFC778127F76B7700E50FCA /* LaunchModel.swift */ = {isa = PBXFileReference; lastKnownFileType = sourcecode.swift; path = LaunchModel.swift; sourceTree = "<group>"; };
		9CFC778427F77A7600E50FCA /* NetworkManager.swift */ = {isa = PBXFileReference; lastKnownFileType = sourcecode.swift; path = NetworkManager.swift; sourceTree = "<group>"; };
		9CFC778727FCB01200E50FCA /* ShowAlert.swift */ = {isa = PBXFileReference; lastKnownFileType = sourcecode.swift; path = ShowAlert.swift; sourceTree = "<group>"; };
		9CFC778927FCBAD000E50FCA /* UIView + Extension.swift */ = {isa = PBXFileReference; lastKnownFileType = sourcecode.swift; path = "UIView + Extension.swift"; sourceTree = "<group>"; };
		9CFC778B27FDF88C00E50FCA /* DetailsViewController.swift */ = {isa = PBXFileReference; lastKnownFileType = sourcecode.swift; path = DetailsViewController.swift; sourceTree = "<group>"; };
		9CFC778D27FE0F7600E50FCA /* DetailsSections.swift */ = {isa = PBXFileReference; lastKnownFileType = sourcecode.swift; path = DetailsSections.swift; sourceTree = "<group>"; };
		9CFC779027FE155D00E50FCA /* InfoCell.swift */ = {isa = PBXFileReference; lastKnownFileType = sourcecode.swift; path = InfoCell.swift; sourceTree = "<group>"; };
		9CFC779327FE273A00E50FCA /* UIFont + Extension.swift */ = {isa = PBXFileReference; lastKnownFileType = sourcecode.swift; path = "UIFont + Extension.swift"; sourceTree = "<group>"; };
		9CFEF6362805CA9200DF5F79 /* Reachability.swift */ = {isa = PBXFileReference; fileEncoding = 4; lastKnownFileType = sourcecode.swift; path = Reachability.swift; sourceTree = "<group>"; };
		9CFEF6382805FB4F00DF5F79 /* GradientView.swift */ = {isa = PBXFileReference; lastKnownFileType = sourcecode.swift; path = GradientView.swift; sourceTree = "<group>"; };
		BF58F9744C1A59DDA3D954ED /* Pods_SpaceXInfo.framework */ = {isa = PBXFileReference; explicitFileType = wrapper.framework; includeInIndex = 0; path = Pods_SpaceXInfo.framework; sourceTree = BUILT_PRODUCTS_DIR; };
/* End PBXFileReference section */

/* Begin PBXFrameworksBuildPhase section */
		9CFC775A27F7564200E50FCA /* Frameworks */ = {
			isa = PBXFrameworksBuildPhase;
			buildActionMask = 2147483647;
			files = (
				B51B5431D79D19EAEE3A667F /* Pods_SpaceXInfo.framework in Frameworks */,
			);
			runOnlyForDeploymentPostprocessing = 0;
		};
/* End PBXFrameworksBuildPhase section */

/* Begin PBXGroup section */
		8423C54A9AA3AED71F624935 /* Pods */ = {
			isa = PBXGroup;
			children = (
				4ECA929C234960E298E78B8D /* Pods-SpaceXInfo.debug.xcconfig */,
				6FA7262CE89D686DA69D0365 /* Pods-SpaceXInfo.release.xcconfig */,
			);
			path = Pods;
			sourceTree = "<group>";
		};
		9CBA13662808B30400F77CDC /* LibraryVC */ = {
			isa = PBXGroup;
			children = (
				9CBA13672808B31600F77CDC /* LibraryCell.swift */,
			);
			path = LibraryVC;
			sourceTree = "<group>";
		};
		9CBA13692808B36D00F77CDC /* Sections */ = {
			isa = PBXGroup;
			children = (
				9CFC777727F75A5800E50FCA /* Section.swift */,
				9CFC778D27FE0F7600E50FCA /* DetailsSections.swift */,
				9CBA136A2808B3B500F77CDC /* LibrarySection.swift */,
			);
			name = Sections;
			sourceTree = "<group>";
		};
		9CFC775427F7564200E50FCA = {
			isa = PBXGroup;
			children = (
				9CFC775F27F7564200E50FCA /* SpaceXInfo */,
				9CFC775E27F7564200E50FCA /* Products */,
				8423C54A9AA3AED71F624935 /* Pods */,
				DC0389CBAE908358092A3B86 /* Frameworks */,
			);
			sourceTree = "<group>";
		};
		9CFC775E27F7564200E50FCA /* Products */ = {
			isa = PBXGroup;
			children = (
				9CFC775D27F7564200E50FCA /* SpaceXInfo.app */,
			);
			name = Products;
			sourceTree = "<group>";
		};
		9CFC775F27F7564200E50FCA /* SpaceXInfo */ = {
			isa = PBXGroup;
			children = (
				9CFC777427F759EE00E50FCA /* Support files */,
				9CFC777627F75A2500E50FCA /* Models */,
				9CFC778627FCAFF900E50FCA /* Views */,
				9CFC777527F75A1D00E50FCA /* Controllers */,
				9CFC778327F77A6500E50FCA /* Service */,
				9CFC777C27F7667900E50FCA /* Extensions */,
				9CFC776E27F7564500E50FCA /* Info.plist */,
			);
			path = SpaceXInfo;
			sourceTree = "<group>";
		};
		9CFC777427F759EE00E50FCA /* Support files */ = {
			isa = PBXGroup;
			children = (
				9CFC776027F7564200E50FCA /* AppDelegate.swift */,
				9CFC776227F7564200E50FCA /* SceneDelegate.swift */,
				9CFC776B27F7564500E50FCA /* LaunchScreen.storyboard */,
				9CFC776927F7564500E50FCA /* Assets.xcassets */,
			);
			path = "Support files";
			sourceTree = "<group>";
		};
		9CFC777527F75A1D00E50FCA /* Controllers */ = {
			isa = PBXGroup;
			children = (
				9CBA13622808646800F77CDC /* MainTabBarController.swift */,
				9CFC776427F7564200E50FCA /* MainViewController.swift */,
				9CFC778B27FDF88C00E50FCA /* DetailsViewController.swift */,
				9CBA1364280865F900F77CDC /* LibraryViewController.swift */,
				9C7D184B28109E3A001AAA42 /* LibraryDetailsViewController.swift */,
			);
			path = Controllers;
			sourceTree = "<group>";
		};
		9CFC777627F75A2500E50FCA /* Models */ = {
			isa = PBXGroup;
			children = (
				9CBA13692808B36D00F77CDC /* Sections */,
				9CFC778127F76B7700E50FCA /* LaunchModel.swift */,
				9CCBDD4C2807614F00F7E214 /* RealmModel.swift */,
			);
			path = Models;
			sourceTree = "<group>";
		};
		9CFC777927F7635D00E50FCA /* Cells */ = {
			isa = PBXGroup;
			children = (
				9CFC779227FE1D9A00E50FCA /* MainVC */,
				9CFC778F27FE154400E50FCA /* DetailsVC */,
			);
			path = Cells;
			sourceTree = "<group>";
		};
		9CFC777C27F7667900E50FCA /* Extensions */ = {
			isa = PBXGroup;
			children = (
				9CFC777D27F7669B00E50FCA /* SectionHeader.swift */,
				9CFC777F27F767AD00E50FCA /* UIColor + Extension.swift */,
				9CFC778927FCBAD000E50FCA /* UIView + Extension.swift */,
				9CFC779327FE273A00E50FCA /* UIFont + Extension.swift */,
				9CFEF6382805FB4F00DF5F79 /* GradientView.swift */,
				9C7D1849280E2272001AAA42 /* HeartButton.swift */,
			);
			path = Extensions;
			sourceTree = "<group>";
		};
		9CFC778327F77A6500E50FCA /* Service */ = {
			isa = PBXGroup;
			children = (
				9CFC778427F77A7600E50FCA /* NetworkManager.swift */,
				9CFEF6362805CA9200DF5F79 /* Reachability.swift */,
				9CBA1360280767B100F77CDC /* RealmManager.swift */,
			);
			path = Service;
			sourceTree = "<group>";
		};
		9CFC778627FCAFF900E50FCA /* Views */ = {
			isa = PBXGroup;
			children = (
				9CFC777927F7635D00E50FCA /* Cells */,
				9CBA13662808B30400F77CDC /* LibraryVC */,
				9CFC778727FCB01200E50FCA /* ShowAlert.swift */,
			);
			path = Views;
			sourceTree = "<group>";
		};
		9CFC778F27FE154400E50FCA /* DetailsVC */ = {
			isa = PBXGroup;
			children = (
				9CFC779027FE155D00E50FCA /* InfoCell.swift */,
			);
			path = DetailsVC;
			sourceTree = "<group>";
		};
		9CFC779227FE1D9A00E50FCA /* MainVC */ = {
			isa = PBXGroup;
			children = (
				9CFC777A27F7636D00E50FCA /* NewsCell.swift */,
			);
			path = MainVC;
			sourceTree = "<group>";
		};
		DC0389CBAE908358092A3B86 /* Frameworks */ = {
			isa = PBXGroup;
			children = (
				BF58F9744C1A59DDA3D954ED /* Pods_SpaceXInfo.framework */,
			);
			name = Frameworks;
			sourceTree = "<group>";
		};
/* End PBXGroup section */

/* Begin PBXNativeTarget section */
		9CFC775C27F7564200E50FCA /* SpaceXInfo */ = {
			isa = PBXNativeTarget;
			buildConfigurationList = 9CFC777127F7564500E50FCA /* Build configuration list for PBXNativeTarget "SpaceXInfo" */;
			buildPhases = (
				458E2F902D9E6A4E28FB9A77 /* [CP] Check Pods Manifest.lock */,
				9CFC775927F7564200E50FCA /* Sources */,
				9CFC775A27F7564200E50FCA /* Frameworks */,
				9CFC775B27F7564200E50FCA /* Resources */,
				F21342E77BA053A30A45CF04 /* [CP] Embed Pods Frameworks */,
			);
			buildRules = (
			);
			dependencies = (
			);
			name = SpaceXInfo;
			productName = SpaceXInfo;
			productReference = 9CFC775D27F7564200E50FCA /* SpaceXInfo.app */;
			productType = "com.apple.product-type.application";
		};
/* End PBXNativeTarget section */

/* Begin PBXProject section */
		9CFC775527F7564200E50FCA /* Project object */ = {
			isa = PBXProject;
			attributes = {
				BuildIndependentTargetsInParallel = 1;
				LastSwiftUpdateCheck = 1320;
				LastUpgradeCheck = 1320;
				TargetAttributes = {
					9CFC775C27F7564200E50FCA = {
						CreatedOnToolsVersion = 13.2.1;
					};
				};
			};
			buildConfigurationList = 9CFC775827F7564200E50FCA /* Build configuration list for PBXProject "SpaceXInfo" */;
			compatibilityVersion = "Xcode 13.0";
			developmentRegion = en;
			hasScannedForEncodings = 0;
			knownRegions = (
				en,
				Base,
			);
			mainGroup = 9CFC775427F7564200E50FCA;
			productRefGroup = 9CFC775E27F7564200E50FCA /* Products */;
			projectDirPath = "";
			projectRoot = "";
			targets = (
				9CFC775C27F7564200E50FCA /* SpaceXInfo */,
			);
		};
/* End PBXProject section */

/* Begin PBXResourcesBuildPhase section */
		9CFC775B27F7564200E50FCA /* Resources */ = {
			isa = PBXResourcesBuildPhase;
			buildActionMask = 2147483647;
			files = (
				9CFC776D27F7564500E50FCA /* LaunchScreen.storyboard in Resources */,
				9CFC776A27F7564500E50FCA /* Assets.xcassets in Resources */,
			);
			runOnlyForDeploymentPostprocessing = 0;
		};
/* End PBXResourcesBuildPhase section */

/* Begin PBXShellScriptBuildPhase section */
		458E2F902D9E6A4E28FB9A77 /* [CP] Check Pods Manifest.lock */ = {
			isa = PBXShellScriptBuildPhase;
			buildActionMask = 2147483647;
			files = (
			);
			inputFileListPaths = (
			);
			inputPaths = (
				"${PODS_PODFILE_DIR_PATH}/Podfile.lock",
				"${PODS_ROOT}/Manifest.lock",
			);
			name = "[CP] Check Pods Manifest.lock";
			outputFileListPaths = (
			);
			outputPaths = (
				"$(DERIVED_FILE_DIR)/Pods-SpaceXInfo-checkManifestLockResult.txt",
			);
			runOnlyForDeploymentPostprocessing = 0;
			shellPath = /bin/sh;
			shellScript = "diff \"${PODS_PODFILE_DIR_PATH}/Podfile.lock\" \"${PODS_ROOT}/Manifest.lock\" > /dev/null\nif [ $? != 0 ] ; then\n    # print error to STDERR\n    echo \"error: The sandbox is not in sync with the Podfile.lock. Run 'pod install' or update your CocoaPods installation.\" >&2\n    exit 1\nfi\n# This output is used by Xcode 'outputs' to avoid re-running this script phase.\necho \"SUCCESS\" > \"${SCRIPT_OUTPUT_FILE_0}\"\n";
			showEnvVarsInLog = 0;
		};
		F21342E77BA053A30A45CF04 /* [CP] Embed Pods Frameworks */ = {
			isa = PBXShellScriptBuildPhase;
			buildActionMask = 2147483647;
			files = (
			);
			inputFileListPaths = (
				"${PODS_ROOT}/Target Support Files/Pods-SpaceXInfo/Pods-SpaceXInfo-frameworks-${CONFIGURATION}-input-files.xcfilelist",
			);
			name = "[CP] Embed Pods Frameworks";
			outputFileListPaths = (
				"${PODS_ROOT}/Target Support Files/Pods-SpaceXInfo/Pods-SpaceXInfo-frameworks-${CONFIGURATION}-output-files.xcfilelist",
			);
			runOnlyForDeploymentPostprocessing = 0;
			shellPath = /bin/sh;
			shellScript = "\"${PODS_ROOT}/Target Support Files/Pods-SpaceXInfo/Pods-SpaceXInfo-frameworks.sh\"\n";
			showEnvVarsInLog = 0;
		};
/* End PBXShellScriptBuildPhase section */

/* Begin PBXSourcesBuildPhase section */
		9CFC775927F7564200E50FCA /* Sources */ = {
			isa = PBXSourcesBuildPhase;
			buildActionMask = 2147483647;
			files = (
				9CFC779427FE273A00E50FCA /* UIFont + Extension.swift in Sources */,
				9CBA13682808B31600F77CDC /* LibraryCell.swift in Sources */,
				9CFC778527F77A7600E50FCA /* NetworkManager.swift in Sources */,
				9CBA13632808646800F77CDC /* MainTabBarController.swift in Sources */,
				9CFC778227F76B7700E50FCA /* LaunchModel.swift in Sources */,
				9CBA1365280865F900F77CDC /* LibraryViewController.swift in Sources */,
				9CBA136B2808B3B500F77CDC /* LibrarySection.swift in Sources */,
				9CFC778027F767AD00E50FCA /* UIColor + Extension.swift in Sources */,
				9CFC776527F7564200E50FCA /* MainViewController.swift in Sources */,
				9CFEF6392805FB4F00DF5F79 /* GradientView.swift in Sources */,
				9CFC778A27FCBAD000E50FCA /* UIView + Extension.swift in Sources */,
				9CFC777827F75A5800E50FCA /* Section.swift in Sources */,
				9C7D184C28109E3A001AAA42 /* LibraryDetailsViewController.swift in Sources */,
				9CFC778E27FE0F7600E50FCA /* DetailsSections.swift in Sources */,
				9CFC778827FCB01200E50FCA /* ShowAlert.swift in Sources */,
				9CFC777E27F7669B00E50FCA /* SectionHeader.swift in Sources */,
				9CBA1361280767B100F77CDC /* RealmManager.swift in Sources */,
				9CFC776127F7564200E50FCA /* AppDelegate.swift in Sources */,
				9CFC776327F7564200E50FCA /* SceneDelegate.swift in Sources */,
				9CCBDD4D2807614F00F7E214 /* RealmModel.swift in Sources */,
				9CFC777B27F7636D00E50FCA /* NewsCell.swift in Sources */,
				9C7D184A280E2272001AAA42 /* HeartButton.swift in Sources */,
				9CFC778C27FDF88C00E50FCA /* DetailsViewController.swift in Sources */,
				9CFEF6372805CA9300DF5F79 /* Reachability.swift in Sources */,
				9CFC779127FE155D00E50FCA /* InfoCell.swift in Sources */,
			);
			runOnlyForDeploymentPostprocessing = 0;
		};
/* End PBXSourcesBuildPhase section */

/* Begin PBXVariantGroup section */
		9CFC776B27F7564500E50FCA /* LaunchScreen.storyboard */ = {
			isa = PBXVariantGroup;
			children = (
				9CFC776C27F7564500E50FCA /* Base */,
			);
			name = LaunchScreen.storyboard;
			sourceTree = "<group>";
		};
/* End PBXVariantGroup section */

/* Begin XCBuildConfiguration section */
		9CFC776F27F7564500E50FCA /* Debug */ = {
			isa = XCBuildConfiguration;
			buildSettings = {
				ALWAYS_SEARCH_USER_PATHS = NO;
				CLANG_ANALYZER_NONNULL = YES;
				CLANG_ANALYZER_NUMBER_OBJECT_CONVERSION = YES_AGGRESSIVE;
				CLANG_CXX_LANGUAGE_STANDARD = "gnu++17";
				CLANG_CXX_LIBRARY = "libc++";
				CLANG_ENABLE_MODULES = YES;
				CLANG_ENABLE_OBJC_ARC = YES;
				CLANG_ENABLE_OBJC_WEAK = YES;
				CLANG_WARN_BLOCK_CAPTURE_AUTORELEASING = YES;
				CLANG_WARN_BOOL_CONVERSION = YES;
				CLANG_WARN_COMMA = YES;
				CLANG_WARN_CONSTANT_CONVERSION = YES;
				CLANG_WARN_DEPRECATED_OBJC_IMPLEMENTATIONS = YES;
				CLANG_WARN_DIRECT_OBJC_ISA_USAGE = YES_ERROR;
				CLANG_WARN_DOCUMENTATION_COMMENTS = YES;
				CLANG_WARN_EMPTY_BODY = YES;
				CLANG_WARN_ENUM_CONVERSION = YES;
				CLANG_WARN_INFINITE_RECURSION = YES;
				CLANG_WARN_INT_CONVERSION = YES;
				CLANG_WARN_NON_LITERAL_NULL_CONVERSION = YES;
				CLANG_WARN_OBJC_IMPLICIT_RETAIN_SELF = YES;
				CLANG_WARN_OBJC_LITERAL_CONVERSION = YES;
				CLANG_WARN_OBJC_ROOT_CLASS = YES_ERROR;
				CLANG_WARN_QUOTED_INCLUDE_IN_FRAMEWORK_HEADER = YES;
				CLANG_WARN_RANGE_LOOP_ANALYSIS = YES;
				CLANG_WARN_STRICT_PROTOTYPES = YES;
				CLANG_WARN_SUSPICIOUS_MOVE = YES;
				CLANG_WARN_UNGUARDED_AVAILABILITY = YES_AGGRESSIVE;
				CLANG_WARN_UNREACHABLE_CODE = YES;
				CLANG_WARN__DUPLICATE_METHOD_MATCH = YES;
				COPY_PHASE_STRIP = NO;
				DEBUG_INFORMATION_FORMAT = dwarf;
				ENABLE_STRICT_OBJC_MSGSEND = YES;
				ENABLE_TESTABILITY = YES;
				GCC_C_LANGUAGE_STANDARD = gnu11;
				GCC_DYNAMIC_NO_PIC = NO;
				GCC_NO_COMMON_BLOCKS = YES;
				GCC_OPTIMIZATION_LEVEL = 0;
				GCC_PREPROCESSOR_DEFINITIONS = (
					"DEBUG=1",
					"$(inherited)",
				);
				GCC_WARN_64_TO_32_BIT_CONVERSION = YES;
				GCC_WARN_ABOUT_RETURN_TYPE = YES_ERROR;
				GCC_WARN_UNDECLARED_SELECTOR = YES;
				GCC_WARN_UNINITIALIZED_AUTOS = YES_AGGRESSIVE;
				GCC_WARN_UNUSED_FUNCTION = YES;
				GCC_WARN_UNUSED_VARIABLE = YES;
				IPHONEOS_DEPLOYMENT_TARGET = 15.2;
				MTL_ENABLE_DEBUG_INFO = INCLUDE_SOURCE;
				MTL_FAST_MATH = YES;
				ONLY_ACTIVE_ARCH = YES;
				SDKROOT = iphoneos;
				SWIFT_ACTIVE_COMPILATION_CONDITIONS = DEBUG;
				SWIFT_OPTIMIZATION_LEVEL = "-Onone";
			};
			name = Debug;
		};
		9CFC777027F7564500E50FCA /* Release */ = {
			isa = XCBuildConfiguration;
			buildSettings = {
				ALWAYS_SEARCH_USER_PATHS = NO;
				CLANG_ANALYZER_NONNULL = YES;
				CLANG_ANALYZER_NUMBER_OBJECT_CONVERSION = YES_AGGRESSIVE;
				CLANG_CXX_LANGUAGE_STANDARD = "gnu++17";
				CLANG_CXX_LIBRARY = "libc++";
				CLANG_ENABLE_MODULES = YES;
				CLANG_ENABLE_OBJC_ARC = YES;
				CLANG_ENABLE_OBJC_WEAK = YES;
				CLANG_WARN_BLOCK_CAPTURE_AUTORELEASING = YES;
				CLANG_WARN_BOOL_CONVERSION = YES;
				CLANG_WARN_COMMA = YES;
				CLANG_WARN_CONSTANT_CONVERSION = YES;
				CLANG_WARN_DEPRECATED_OBJC_IMPLEMENTATIONS = YES;
				CLANG_WARN_DIRECT_OBJC_ISA_USAGE = YES_ERROR;
				CLANG_WARN_DOCUMENTATION_COMMENTS = YES;
				CLANG_WARN_EMPTY_BODY = YES;
				CLANG_WARN_ENUM_CONVERSION = YES;
				CLANG_WARN_INFINITE_RECURSION = YES;
				CLANG_WARN_INT_CONVERSION = YES;
				CLANG_WARN_NON_LITERAL_NULL_CONVERSION = YES;
				CLANG_WARN_OBJC_IMPLICIT_RETAIN_SELF = YES;
				CLANG_WARN_OBJC_LITERAL_CONVERSION = YES;
				CLANG_WARN_OBJC_ROOT_CLASS = YES_ERROR;
				CLANG_WARN_QUOTED_INCLUDE_IN_FRAMEWORK_HEADER = YES;
				CLANG_WARN_RANGE_LOOP_ANALYSIS = YES;
				CLANG_WARN_STRICT_PROTOTYPES = YES;
				CLANG_WARN_SUSPICIOUS_MOVE = YES;
				CLANG_WARN_UNGUARDED_AVAILABILITY = YES_AGGRESSIVE;
				CLANG_WARN_UNREACHABLE_CODE = YES;
				CLANG_WARN__DUPLICATE_METHOD_MATCH = YES;
				COPY_PHASE_STRIP = NO;
				DEBUG_INFORMATION_FORMAT = "dwarf-with-dsym";
				ENABLE_NS_ASSERTIONS = NO;
				ENABLE_STRICT_OBJC_MSGSEND = YES;
				GCC_C_LANGUAGE_STANDARD = gnu11;
				GCC_NO_COMMON_BLOCKS = YES;
				GCC_WARN_64_TO_32_BIT_CONVERSION = YES;
				GCC_WARN_ABOUT_RETURN_TYPE = YES_ERROR;
				GCC_WARN_UNDECLARED_SELECTOR = YES;
				GCC_WARN_UNINITIALIZED_AUTOS = YES_AGGRESSIVE;
				GCC_WARN_UNUSED_FUNCTION = YES;
				GCC_WARN_UNUSED_VARIABLE = YES;
				IPHONEOS_DEPLOYMENT_TARGET = 15.2;
				MTL_ENABLE_DEBUG_INFO = NO;
				MTL_FAST_MATH = YES;
				SDKROOT = iphoneos;
				SWIFT_COMPILATION_MODE = wholemodule;
				SWIFT_OPTIMIZATION_LEVEL = "-O";
				VALIDATE_PRODUCT = YES;
			};
			name = Release;
		};
		9CFC777227F7564500E50FCA /* Debug */ = {
			isa = XCBuildConfiguration;
			baseConfigurationReference = 4ECA929C234960E298E78B8D /* Pods-SpaceXInfo.debug.xcconfig */;
			buildSettings = {
				ASSETCATALOG_COMPILER_APPICON_NAME = AppIcon;
				ASSETCATALOG_COMPILER_GLOBAL_ACCENT_COLOR_NAME = AccentColor;
				CODE_SIGN_STYLE = Automatic;
				CURRENT_PROJECT_VERSION = 1;
				DEVELOPMENT_TEAM = 7XP9H5G8CF;
				GENERATE_INFOPLIST_FILE = YES;
				INFOPLIST_FILE = SpaceXInfo/Info.plist;
				INFOPLIST_KEY_UIApplicationSupportsIndirectInputEvents = YES;
				INFOPLIST_KEY_UILaunchStoryboardName = LaunchScreen;
				INFOPLIST_KEY_UISupportedInterfaceOrientations_iPad = "UIInterfaceOrientationPortrait UIInterfaceOrientationPortraitUpsideDown UIInterfaceOrientationLandscapeLeft UIInterfaceOrientationLandscapeRight";
				INFOPLIST_KEY_UISupportedInterfaceOrientations_iPhone = "UIInterfaceOrientationPortrait UIInterfaceOrientationLandscapeLeft UIInterfaceOrientationLandscapeRight";
				LD_RUNPATH_SEARCH_PATHS = (
					"$(inherited)",
					"@executable_path/Frameworks",
				);
				MARKETING_VERSION = 1.0;
				PRODUCT_BUNDLE_IDENTIFIER = com.underscoreow.SpaceXInfo;
				PRODUCT_NAME = "$(TARGET_NAME)";
				SWIFT_EMIT_LOC_STRINGS = YES;
				SWIFT_VERSION = 5.0;
				TARGETED_DEVICE_FAMILY = "1,2";
			};
			name = Debug;
		};
		9CFC777327F7564500E50FCA /* Release */ = {
			isa = XCBuildConfiguration;
			baseConfigurationReference = 6FA7262CE89D686DA69D0365 /* Pods-SpaceXInfo.release.xcconfig */;
			buildSettings = {
				ASSETCATALOG_COMPILER_APPICON_NAME = AppIcon;
				ASSETCATALOG_COMPILER_GLOBAL_ACCENT_COLOR_NAME = AccentColor;
				CODE_SIGN_STYLE = Automatic;
				CURRENT_PROJECT_VERSION = 1;
				DEVELOPMENT_TEAM = 7XP9H5G8CF;
				GENERATE_INFOPLIST_FILE = YES;
				INFOPLIST_FILE = SpaceXInfo/Info.plist;
				INFOPLIST_KEY_UIApplicationSupportsIndirectInputEvents = YES;
				INFOPLIST_KEY_UILaunchStoryboardName = LaunchScreen;
				INFOPLIST_KEY_UISupportedInterfaceOrientations_iPad = "UIInterfaceOrientationPortrait UIInterfaceOrientationPortraitUpsideDown UIInterfaceOrientationLandscapeLeft UIInterfaceOrientationLandscapeRight";
				INFOPLIST_KEY_UISupportedInterfaceOrientations_iPhone = "UIInterfaceOrientationPortrait UIInterfaceOrientationLandscapeLeft UIInterfaceOrientationLandscapeRight";
				LD_RUNPATH_SEARCH_PATHS = (
					"$(inherited)",
					"@executable_path/Frameworks",
				);
				MARKETING_VERSION = 1.0;
				PRODUCT_BUNDLE_IDENTIFIER = com.underscoreow.SpaceXInfo;
				PRODUCT_NAME = "$(TARGET_NAME)";
				SWIFT_EMIT_LOC_STRINGS = YES;
				SWIFT_VERSION = 5.0;
				TARGETED_DEVICE_FAMILY = "1,2";
			};
			name = Release;
		};
/* End XCBuildConfiguration section */

/* Begin XCConfigurationList section */
		9CFC775827F7564200E50FCA /* Build configuration list for PBXProject "SpaceXInfo" */ = {
			isa = XCConfigurationList;
			buildConfigurations = (
				9CFC776F27F7564500E50FCA /* Debug */,
				9CFC777027F7564500E50FCA /* Release */,
			);
			defaultConfigurationIsVisible = 0;
			defaultConfigurationName = Release;
		};
		9CFC777127F7564500E50FCA /* Build configuration list for PBXNativeTarget "SpaceXInfo" */ = {
			isa = XCConfigurationList;
			buildConfigurations = (
				9CFC777227F7564500E50FCA /* Debug */,
				9CFC777327F7564500E50FCA /* Release */,
			);
			defaultConfigurationIsVisible = 0;
			defaultConfigurationName = Release;
		};
/* End XCConfigurationList section */
	};
	rootObject = 9CFC775527F7564200E50FCA /* Project object */;
}
